{
  "name": "mnist-test-data",
  "version": "1.0.0",
  "lockfileVersion": 2,
  "requires": true,
  "packages": {
    "": {
      "name": "mnist-test-data",
      "version": "1.0.0",
      "license": "ISC",
      "dependencies": {
        "cs544-js-utils": "file:../../../../lib/cs544-js-utils-1.0.0.tgz",
        "prj1-sol": "file:../../../../lib/prj1-sol-1.0.0.tgz"
      }
    },
    "../cs544/lib/cs544-js-utils": {},
    "node_modules/cs544-js-utils": {
      "version": "1.0.0",
      "resolved": "file:../../../../lib/cs544-js-utils-1.0.0.tgz",
      "integrity": "sha512-Zm0P0HjEJwofiWJ/V0qtl2GBGSc3FBysd7eI0dquhmpHNJGk+n4oozSzC/nzTc3m3Pe2P6kUUnFVu8A+YIrElg==",
      "license": "ISC"
    },
    "node_modules/prj1-sol": {
      "version": "1.0.0",
      "resolved": "file:../../../../lib/prj1-sol-1.0.0.tgz",
      "integrity": "sha512-y7ANhGQt/hhFtEokJQ8UiOHNXyMNTaKQeLCNCDaT3sGiB2WbgLsyMT4f7mpZPHIGLZkt2zJRGlqWv9bnNitChA==",
      "license": "ISC",
      "dependencies": {
        "cs544-js-utils": "file:../../../cs544/lib/cs544-js-utils"
      }
    },
    "node_modules/prj1-sol/node_modules/cs544-js-utils": {
      "resolved": "../cs544/lib/cs544-js-utils",
      "link": true
    }
  },
  "dependencies": {
    "cs544-js-utils": {
      "version": "file:../../../../lib/cs544-js-utils-1.0.0.tgz",
      "integrity": "sha512-Zm0P0HjEJwofiWJ/V0qtl2GBGSc3FBysd7eI0dquhmpHNJGk+n4oozSzC/nzTc3m3Pe2P6kUUnFVu8A+YIrElg=="
    },
    "prj1-sol": {
      "version": "file:../../../../lib/prj1-sol-1.0.0.tgz",
      "integrity": "sha512-y7ANhGQt/hhFtEokJQ8UiOHNXyMNTaKQeLCNCDaT3sGiB2WbgLsyMT4f7mpZPHIGLZkt2zJRGlqWv9bnNitChA==",
      "requires": {
        "cs544-js-utils": "file:../../../cs544/lib/cs544-js-utils"
      },
      "dependencies": {
        "cs544-js-utils": {
          "version": "file:../cs544/lib/cs544-js-utils"
        }
      }
    }
  }
}
